<?xml version="1.0" encoding="utf-8"?>
<Project ToolsVersion="4.0" xmlns="http://schemas.microsoft.com/developer/msbuild/2003">
  <ItemGroup>
    <Filter Include="ソース ファイル">
      <UniqueIdentifier>{4FC737F1-C7A5-4376-A066-2A32D752A2FF}</UniqueIdentifier>
      <Extensions>cpp;c;cc;cxx;def;odl;idl;hpj;bat;asm;asmx</Extensions>
    </Filter>
    <Filter Include="リソース ファイル">
      <UniqueIdentifier>{67DA6AB6-F800-4c08-8B7A-83BB121AAD01}</UniqueIdentifier>
      <Extensions>rc;ico;cur;bmp;dlg;rc2;rct;bin;rgs;gif;jpg;jpeg;jpe;resx;tiff;tif;png;wav;mfcribbon-ms</Extensions>
    </Filter>
    <Filter Include="ヘッダー ファイル">
      <UniqueIdentifier>{93995380-89BD-4b04-88EB-625FBE52EBFB}</UniqueIdentifier>
      <Extensions>h;hh;hpp;hxx;hm;inl;inc;xsd</Extensions>
    </Filter>
    <Filter Include="ソース ファイル\Base">
      <UniqueIdentifier>{a6a3e27f-dacd-4e8b-a94d-8409ae015856}</UniqueIdentifier>
    </Filter>
    <Filter Include="ヘッダー ファイル\Base">
      <UniqueIdentifier>{47244f14-fb40-4a42-b75f-26db18a360b5}</UniqueIdentifier>
    </Filter>
    <Filter Include="ソース ファイル\Scene">
      <UniqueIdentifier>{6de8af4a-e0c3-47b9-b75c-697004b26699}</UniqueIdentifier>
    </Filter>
    <Filter Include="ヘッダー ファイル\Scene">
      <UniqueIdentifier>{85cc3be0-d1bc-4d0a-aded-d0d6236af93c}</UniqueIdentifier>
    </Filter>
    <Filter Include="ソース ファイル\GameComponents">
      <UniqueIdentifier>{2fbfaa9c-3569-43f2-a1b0-3081d716d69d}</UniqueIdentifier>
    </Filter>
    <Filter Include="ヘッダー ファイル\GameComponents">
      <UniqueIdentifier>{b6ff26a0-11bf-46b7-a54f-2505bd7b91ee}</UniqueIdentifier>
    </Filter>
    <Filter Include="ヘッダー ファイル\Constants">
      <UniqueIdentifier>{46db1352-aecd-40dd-8a2b-1515678acc68}</UniqueIdentifier>
    </Filter>
    <Filter Include="ヘッダー ファイル\Input">
      <UniqueIdentifier>{2adc1196-f9b2-4e76-8d5c-56ff4c19a718}</UniqueIdentifier>
    </Filter>
    <Filter Include="ソース ファイル\Input">
      <UniqueIdentifier>{9c2e6676-90b0-4a7f-8dc0-dd1fda8f9c95}</UniqueIdentifier>
    </Filter>
  </ItemGroup>
  <ItemGroup>
    <ClCompile Include="Main.cpp">
      <Filter>ソース ファイル</Filter>
    </ClCompile>
    <ClCompile Include="Scene.cpp">
      <Filter>ソース ファイル\Base</Filter>
    </ClCompile>
    <ClCompile Include="GameScene.cpp">
      <Filter>ソース ファイル\Scene</Filter>
    </ClCompile>
    <ClCompile Include="SceneManager.cpp">
      <Filter>ソース ファイル\GameComponents</Filter>
    </ClCompile>
    <ClCompile Include="Resident.cpp">
      <Filter>ソース ファイル\GameComponents</Filter>
    </ClCompile>
    <ClCompile Include="InputKey.cpp">
      <Filter>ソース ファイル\Input</Filter>
    </ClCompile>
    <ClCompile Include="Fps.cpp">
      <Filter>ソース ファイル\GameComponents</Filter>
    </ClCompile>
    <ClCompile Include="TitleScene.cpp">
      <Filter>ソース ファイル\Scene</Filter>
    </ClCompile>
    <ClCompile Include="Score.cpp">
      <Filter>ソース ファイル\GameComponents</Filter>
    </ClCompile>
    <ClCompile Include="Tetrimino.cpp">
      <Filter>ソース ファイル\Base</Filter>
    </ClCompile>
  </ItemGroup>
  <ItemGroup>
    <ClInclude Include="Scene.h">
      <Filter>ヘッダー ファイル\Base</Filter>
    </ClInclude>
    <ClInclude Include="GameScene.h">
      <Filter>ヘッダー ファイル\Scene</Filter>
    </ClInclude>
    <ClInclude Include="BlockCategory.h">
      <Filter>ヘッダー ファイル\Constants</Filter>
    </ClInclude>
    <ClInclude Include="SceneManager.h">
      <Filter>ヘッダー ファイル\GameComponents</Filter>
    </ClInclude>
    <ClInclude Include="Resident.h">
      <Filter>ヘッダー ファイル\GameComponents</Filter>
    </ClInclude>
    <ClInclude Include="TetrisInfo.h">
      <Filter>ヘッダー ファイル\Constants</Filter>
    </ClInclude>
    <ClInclude Include="WindowInfo.h">
      <Filter>ヘッダー ファイル\Constants</Filter>
    </ClInclude>
    <ClInclude Include="CellType.h">
      <Filter>ヘッダー ファイル\Constants</Filter>
    </ClInclude>
    <ClInclude Include="Direction.h">
      <Filter>ヘッダー ファイル\Constants</Filter>
    </ClInclude>
    <ClInclude Include="BlockColor.h">
      <Filter>ヘッダー ファイル\Constants</Filter>
    </ClInclude>
    <ClInclude Include="InputKey.h">
      <Filter>ヘッダー ファイル\Input</Filter>
    </ClInclude>
    <ClInclude Include="InputKeyState.h">
      <Filter>ヘッダー ファイル\Constants</Filter>
    </ClInclude>
    <ClInclude Include="Fps.h">
      <Filter>ヘッダー ファイル\GameComponents</Filter>
    </ClInclude>
    <ClInclude Include="TitleScene.h">
      <Filter>ヘッダー ファイル\Scene</Filter>
    </ClInclude>
    <ClInclude Include="SceneType.h">
      <Filter>ヘッダー ファイル\Constants</Filter>
    </ClInclude>
    <ClInclude Include="Score.h">
      <Filter>ヘッダー ファイル\GameComponents</Filter>
    </ClInclude>
    <ClInclude Include="Tetrimino.h">
      <Filter>ヘッダー ファイル\Base</Filter>
    </ClInclude>
  </ItemGroup>
</Project>